
Microsoft Visual Studio Solution File, Format Version 12.00
# Visual Studio Version 17
VisualStudioVersion = 17.13.35806.99
MinimumVisualStudioVersion = 10.0.40219.1
Project("{FAE04EC0-301F-11D3-BF4B-00C04F79EFBC}") = "SingletonPattern", "SingletonPattern\SingletonPattern.csproj", "{14DBF30F-26F1-4745-9577-4BC7893E6683}"
EndProject
Project("{FAE04EC0-301F-11D3-BF4B-00C04F79EFBC}") = "BuilderPattern", "BuilderPattern\BuilderPattern.csproj", "{E2DBAEDD-FEB9-4E33-AC88-8C680ACDA401}"
EndProject
Project("{FAE04EC0-301F-11D3-BF4B-00C04F79EFBC}") = "FactoryPattern", "FactoryPattern\FactoryPattern.csproj", "{61BAF9C9-7A76-44B5-9229-B92B629390E2}"
EndProject
Global
	GlobalSection(SolutionConfigurationPlatforms) = preSolution
		Debug|Any CPU = Debug|Any CPU
		Release|Any CPU = Release|Any CPU
	EndGlobalSection
	GlobalSection(ProjectConfigurationPlatforms) = postSolution
		{14DBF30F-26F1-4745-9577-4BC7893E6683}.Debug|Any CPU.ActiveCfg = Debug|Any CPU
		{14DBF30F-26F1-4745-9577-4BC7893E6683}.Debug|Any CPU.Build.0 = Debug|Any CPU
		{14DBF30F-26F1-4745-9577-4BC7893E6683}.Release|Any CPU.ActiveCfg = Release|Any CPU
		{14DBF30F-26F1-4745-9577-4BC7893E6683}.Release|Any CPU.Build.0 = Release|Any CPU
		{E2DBAEDD-FEB9-4E33-AC88-8C680ACDA401}.Debug|Any CPU.ActiveCfg = Debug|Any CPU
		{E2DBAEDD-FEB9-4E33-AC88-8C680ACDA401}.Debug|Any CPU.Build.0 = Debug|Any CPU
		{E2DBAEDD-FEB9-4E33-AC88-8C680ACDA401}.Release|Any CPU.ActiveCfg = Release|Any CPU
		{E2DBAEDD-FEB9-4E33-AC88-8C680ACDA401}.Release|Any CPU.Build.0 = Release|Any CPU
		{61BAF9C9-7A76-44B5-9229-B92B629390E2}.Debug|Any CPU.ActiveCfg = Debug|Any CPU
		{61BAF9C9-7A76-44B5-9229-B92B629390E2}.Debug|Any CPU.Build.0 = Debug|Any CPU
		{61BAF9C9-7A76-44B5-9229-B92B629390E2}.Release|Any CPU.ActiveCfg = Release|Any CPU
		{61BAF9C9-7A76-44B5-9229-B92B629390E2}.Release|Any CPU.Build.0 = Release|Any CPU
	EndGlobalSection
	GlobalSection(SolutionProperties) = preSolution
		HideSolutionNode = FALSE
	EndGlobalSection
	GlobalSection(ExtensibilityGlobals) = postSolution
		SolutionGuid = {4FA2A81F-0C66-4EB9-8202-0FE9DB52EC13}
	EndGlobalSection
EndGlobal
